# This file is automatically @generated by Cargo.
# It is not intended for manual editing.
[[package]]
name = "bitty"
version = "1.0.0"
source = "registry+https://github.com/rust-lang/crates.io-index"

[[package]]
name = "eva_motion_control"
version = "0.1.0"
dependencies = [
 "bitty 1.0.0 (registry+https://github.com/rust-lang/crates.io-index)",
 "lazy_static 1.3.0 (registry+https://github.com/rust-lang/crates.io-index)",
]

[[package]]
name = "lazy_static"
version = "1.3.0"
source = "registry+https://github.com/rust-lang/crates.io-index"

[metadata]
"checksum bitty 1.0.0 (registry+https://github.com/rust-lang/crates.io-index)" = "9fb28400f3186d6fbc2fc1fe668f53be85a1820eb3d8b1d517532f7b8892b0f8"
"checksum lazy_static 1.3.0 (registry+https://github.com/rust-lang/crates.io-index)" = "bc5729f27f159ddd61f4df6228e827e86643d4d3e7c32183cb30a1c08f604a14"
